
Microsoft Visual Studio Solution File, Format Version 12.00
# Visual Studio 2013
VisualStudioVersion = 12.0.21005.1
MinimumVisualStudioVersion = 10.0.40219.1
Project("{8BC9CEB8-8B4A-11D0-8D11-00A0C91BC942}") = "SimplePolygonViewer", "GeometryViewer\GeometryViewer.vcxproj", "{DD88584D-D716-4E7C-9404-8962CA498AA4}"
EndProject
Project("{8BC9CEB8-8B4A-11D0-8D11-00A0C91BC942}") = "IntersectionViewer", "IntersectionViewer\IntersectionViewer.vcxproj", "{F305985F-23DE-49C8-81D0-4671A2853A3E}"
EndProject
Project("{8BC9CEB8-8B4A-11D0-8D11-00A0C91BC942}") = "ConvexHullViewer", "ConvexHullViewer\ConvexHullViewer.vcxproj", "{BF8B4AC9-FDA7-4CE7-B23B-FC4738E54470}"
EndProject
Project("{8BC9CEB8-8B4A-11D0-8D11-00A0C91BC942}") = "WindowingQueryViewer", "WindowingQueryViewer\WindowingQueryViewer.vcxproj", "{45DDE7CE-3EE8-4B28-BE3F-D605BCF6076F}"
EndProject
Project("{8BC9CEB8-8B4A-11D0-8D11-00A0C91BC942}") = "RoomViewer", "RoomViewer\RoomViewer.vcxproj", "{BAE2FFCE-B10F-40CB-9249-51BB363724CC}"
EndProject
Project("{8BC9CEB8-8B4A-11D0-8D11-00A0C91BC942}") = "PartyViewer", "PartyViewer\PartyViewer.vcxproj", "{87B1E9DA-A769-495E-A28D-4AF8D651FDCD}"
EndProject
Project("{8BC9CEB8-8B4A-11D0-8D11-00A0C91BC942}") = "WallsViewer", "WallsViewer\WallsViewer.vcxproj", "{A2A76138-0F80-4BE8-A382-4909944D1853}"
EndProject
Project("{8BC9CEB8-8B4A-11D0-8D11-00A0C91BC942}") = "StarsViewer", "StarsViewer\StarsViewer.vcxproj", "{1158215D-491B-4E51-BF45-EFD3F9F0B621}"
EndProject
Project("{8BC9CEB8-8B4A-11D0-8D11-00A0C91BC942}") = "GreatWall", "GreatWall\GreatWall.vcxproj", "{AFBA7BE2-23D0-489B-BA58-87A0F8A5547F}"
EndProject
Global
	GlobalSection(SolutionConfigurationPlatforms) = preSolution
		Debug|Win32 = Debug|Win32
		Release|Win32 = Release|Win32
	EndGlobalSection
	GlobalSection(ProjectConfigurationPlatforms) = postSolution
		{DD88584D-D716-4E7C-9404-8962CA498AA4}.Debug|Win32.ActiveCfg = Debug|Win32
		{DD88584D-D716-4E7C-9404-8962CA498AA4}.Debug|Win32.Build.0 = Debug|Win32
		{DD88584D-D716-4E7C-9404-8962CA498AA4}.Release|Win32.ActiveCfg = Release|Win32
		{DD88584D-D716-4E7C-9404-8962CA498AA4}.Release|Win32.Build.0 = Release|Win32
		{F305985F-23DE-49C8-81D0-4671A2853A3E}.Debug|Win32.ActiveCfg = Debug|Win32
		{F305985F-23DE-49C8-81D0-4671A2853A3E}.Debug|Win32.Build.0 = Debug|Win32
		{F305985F-23DE-49C8-81D0-4671A2853A3E}.Release|Win32.ActiveCfg = Release|Win32
		{F305985F-23DE-49C8-81D0-4671A2853A3E}.Release|Win32.Build.0 = Release|Win32
		{BF8B4AC9-FDA7-4CE7-B23B-FC4738E54470}.Debug|Win32.ActiveCfg = Debug|Win32
		{BF8B4AC9-FDA7-4CE7-B23B-FC4738E54470}.Debug|Win32.Build.0 = Debug|Win32
		{BF8B4AC9-FDA7-4CE7-B23B-FC4738E54470}.Release|Win32.ActiveCfg = Release|Win32
		{BF8B4AC9-FDA7-4CE7-B23B-FC4738E54470}.Release|Win32.Build.0 = Release|Win32
		{45DDE7CE-3EE8-4B28-BE3F-D605BCF6076F}.Debug|Win32.ActiveCfg = Debug|Win32
		{45DDE7CE-3EE8-4B28-BE3F-D605BCF6076F}.Debug|Win32.Build.0 = Debug|Win32
		{45DDE7CE-3EE8-4B28-BE3F-D605BCF6076F}.Release|Win32.ActiveCfg = Release|Win32
		{45DDE7CE-3EE8-4B28-BE3F-D605BCF6076F}.Release|Win32.Build.0 = Release|Win32
		{BAE2FFCE-B10F-40CB-9249-51BB363724CC}.Debug|Win32.ActiveCfg = Debug|Win32
		{BAE2FFCE-B10F-40CB-9249-51BB363724CC}.Debug|Win32.Build.0 = Debug|Win32
		{BAE2FFCE-B10F-40CB-9249-51BB363724CC}.Release|Win32.ActiveCfg = Release|Win32
		{BAE2FFCE-B10F-40CB-9249-51BB363724CC}.Release|Win32.Build.0 = Release|Win32
		{87B1E9DA-A769-495E-A28D-4AF8D651FDCD}.Debug|Win32.ActiveCfg = Debug|Win32
		{87B1E9DA-A769-495E-A28D-4AF8D651FDCD}.Debug|Win32.Build.0 = Debug|Win32
		{87B1E9DA-A769-495E-A28D-4AF8D651FDCD}.Release|Win32.ActiveCfg = Release|Win32
		{87B1E9DA-A769-495E-A28D-4AF8D651FDCD}.Release|Win32.Build.0 = Release|Win32
		{A2A76138-0F80-4BE8-A382-4909944D1853}.Debug|Win32.ActiveCfg = Debug|Win32
		{A2A76138-0F80-4BE8-A382-4909944D1853}.Debug|Win32.Build.0 = Debug|Win32
		{A2A76138-0F80-4BE8-A382-4909944D1853}.Release|Win32.ActiveCfg = Release|Win32
		{A2A76138-0F80-4BE8-A382-4909944D1853}.Release|Win32.Build.0 = Release|Win32
		{1158215D-491B-4E51-BF45-EFD3F9F0B621}.Debug|Win32.ActiveCfg = Debug|Win32
		{1158215D-491B-4E51-BF45-EFD3F9F0B621}.Debug|Win32.Build.0 = Debug|Win32
		{1158215D-491B-4E51-BF45-EFD3F9F0B621}.Release|Win32.ActiveCfg = Release|Win32
		{1158215D-491B-4E51-BF45-EFD3F9F0B621}.Release|Win32.Build.0 = Release|Win32
		{AFBA7BE2-23D0-489B-BA58-87A0F8A5547F}.Debug|Win32.ActiveCfg = Debug|Win32
		{AFBA7BE2-23D0-489B-BA58-87A0F8A5547F}.Debug|Win32.Build.0 = Debug|Win32
		{AFBA7BE2-23D0-489B-BA58-87A0F8A5547F}.Release|Win32.ActiveCfg = Release|Win32
		{AFBA7BE2-23D0-489B-BA58-87A0F8A5547F}.Release|Win32.Build.0 = Release|Win32
	EndGlobalSection
	GlobalSection(SolutionProperties) = preSolution
		HideSolutionNode = FALSE
	EndGlobalSection
EndGlobal
